// !$*UTF8*$!
{
	archiveVersion = 1;
	classes = {
	};
	objectVersion = 77;
	objects = {

/* Begin PBXContainerItemProxy section */
		3A440FAE2D0353EC00BC023A /* PBXContainerItemProxy */ = {
			isa = PBXContainerItemProxy;
			containerPortal = 3A440F8C2D0353E900BC023A /* Project object */;
			proxyType = 1;
			remoteGlobalIDString = 3A440F932D0353E900BC023A;
			remoteInfo = KinderSudoku;
		};
		3A440FB82D0353EC00BC023A /* PBXContainerItemProxy */ = {
			isa = PBXContainerItemProxy;
			containerPortal = 3A440F8C2D0353E900BC023A /* Project object */;
			proxyType = 1;
			remoteGlobalIDString = 3A440F932D0353E900BC023A;
			remoteInfo = KinderSudoku;
		};
/* End PBXContainerItemProxy section */

/* Begin PBXFileReference section */
		3A440F942D0353E900BC023A /* KinderSudoku.app */ = {isa = PBXFileReference; explicitFileType = wrapper.application; includeInIndex = 0; path = KinderSudoku.app; sourceTree = BUILT_PRODUCTS_DIR; };
		3A440FAD2D0353EC00BC023A /* KinderSudokuTests.xctest */ = {isa = PBXFileReference; explicitFileType = wrapper.cfbundle; includeInIndex = 0; path = KinderSudokuTests.xctest; sourceTree = BUILT_PRODUCTS_DIR; };
		3A440FB72D0353EC00BC023A /* KinderSudokuUITests.xctest */ = {isa = PBXFileReference; explicitFileType = wrapper.cfbundle; includeInIndex = 0; path = KinderSudokuUITests.xctest; sourceTree = BUILT_PRODUCTS_DIR; };
/* End PBXFileReference section */

/* Begin PBXFileSystemSynchronizedRootGroup section */
		3A440F962D0353E900BC023A /* KinderSudoku */ = {
			isa = PBXFileSystemSynchronizedRootGroup;
			path = KinderSudoku;
			sourceTree = "<group>";
		};
		3A440FB02D0353EC00BC023A /* KinderSudokuTests */ = {
			isa = PBXFileSystemSynchronizedRootGroup;
			path = KinderSudokuTests;
			sourceTree = "<group>";
		};
		3A440FBA2D0353EC00BC023A /* KinderSudokuUITests */ = {
			isa = PBXFileSystemSynchronizedRootGroup;
			path = KinderSudokuUITests;
			sourceTree = "<group>";
		};
/* End PBXFileSystemSynchronizedRootGroup section */

/* Begin PBXFrameworksBuildPhase section */
		3A440F912D0353E900BC023A /* Frameworks */ = {
			isa = PBXFrameworksBuildPhase;
			buildActionMask = 2147483647;
			files = (
			);
			runOnlyForDeploymentPostprocessing = 0;
		};
		3A440FAA2D0353EC00BC023A /* Frameworks */ = {
			isa = PBXFrameworksBuildPhase;
			buildActionMask = 2147483647;
			files = (
			);
			runOnlyForDeploymentPostprocessing = 0;
		};
		3A440FB42D0353EC00BC023A /* Frameworks */ = {
			isa = PBXFrameworksBuildPhase;
			buildActionMask = 2147483647;
			files = (
			);
			runOnlyForDeploymentPostprocessing = 0;
		};
/* End PBXFrameworksBuildPhase section */

/* Begin PBXGroup section */
		3A440F8B2D0353E900BC023A = {
			isa = PBXGroup;
			children = (
				3A440F962D0353E900BC023A /* KinderSudoku */,
				3A440FB02D0353EC00BC023A /* KinderSudokuTests */,
				3A440FBA2D0353EC00BC023A /* KinderSudokuUITests */,
				3A440F952D0353E900BC023A /* Products */,
			);
			sourceTree = "<group>";
		};
		3A440F952D0353E900BC023A /* Products */ = {
			isa = PBXGroup;
			children = (
				3A440F942D0353E900BC023A /* KinderSudoku.app */,
				3A440FAD2D0353EC00BC023A /* KinderSudokuTests.xctest */,
				3A440FB72D0353EC00BC023A /* KinderSudokuUITests.xctest */,
			);
			name = Products;
			sourceTree = "<group>";
		};
/* End PBXGroup section */

/* Begin PBXNativeTarget section */
		3A440F932D0353E900BC023A /* KinderSudoku */ = {
			isa = PBXNativeTarget;
			buildConfigurationList = 3A440FC12D0353EC00BC023A /* Build configuration list for PBXNativeTarget "KinderSudoku" */;
			buildPhases = (
				3A440F902D0353E900BC023A /* Sources */,
				3A440F912D0353E900BC023A /* Frameworks */,
				3A440F922D0353E900BC023A /* Resources */,
			);
			buildRules = (
			);
			dependencies = (
			);
			fileSystemSynchronizedGroups = (
				3A440F962D0353E900BC023A /* KinderSudoku */,
			);
			name = KinderSudoku;
			packageProductDependencies = (
			);
			productName = KinderSudoku;
			productReference = 3A440F942D0353E900BC023A /* KinderSudoku.app */;
			productType = "com.apple.product-type.application";
		};
		3A440FAC2D0353EC00BC023A /* KinderSudokuTests */ = {
			isa = PBXNativeTarget;
			buildConfigurationList = 3A440FC42D0353EC00BC023A /* Build configuration list for PBXNativeTarget "KinderSudokuTests" */;
			buildPhases = (
				3A440FA92D0353EC00BC023A /* Sources */,
				3A440FAA2D0353EC00BC023A /* Frameworks */,
				3A440FAB2D0353EC00BC023A /* Resources */,
			);
			buildRules = (
			);
			dependencies = (
				3A440FAF2D0353EC00BC023A /* PBXTargetDependency */,
			);
			fileSystemSynchronizedGroups = (
				3A440FB02D0353EC00BC023A /* KinderSudokuTests */,
			);
			name = KinderSudokuTests;
			packageProductDependencies = (
			);
			productName = KinderSudokuTests;
			productReference = 3A440FAD2D0353EC00BC023A /* KinderSudokuTests.xctest */;
			productType = "com.apple.product-type.bundle.unit-test";
		};
		3A440FB62D0353EC00BC023A /* KinderSudokuUITests */ = {
			isa = PBXNativeTarget;
			buildConfigurationList = 3A440FC72D0353EC00BC023A /* Build configuration list for PBXNativeTarget "KinderSudokuUITests" */;
			buildPhases = (
				3A440FB32D0353EC00BC023A /* Sources */,
				3A440FB42D0353EC00BC023A /* Frameworks */,
				3A440FB52D0353EC00BC023A /* Resources */,
			);
			buildRules = (
			);
			dependencies = (
				3A440FB92D0353EC00BC023A /* PBXTargetDependency */,
			);
			fileSystemSynchronizedGroups = (
				3A440FBA2D0353EC00BC023A /* KinderSudokuUITests */,
			);
			name = KinderSudokuUITests;
			packageProductDependencies = (
			);
			productName = KinderSudokuUITests;
			productReference = 3A440FB72D0353EC00BC023A /* KinderSudokuUITests.xctest */;
			productType = "com.apple.product-type.bundle.ui-testing";
		};
/* End PBXNativeTarget section */

/* Begin PBXProject section */
		3A440F8C2D0353E900BC023A /* Project object */ = {
			isa = PBXProject;
			attributes = {
				BuildIndependentTargetsInParallel = 1;
				LastSwiftUpdateCheck = 1610;
				LastUpgradeCheck = 1610;
				TargetAttributes = {
					3A440F932D0353E900BC023A = {
						CreatedOnToolsVersion = 16.1;
					};
					3A440FAC2D0353EC00BC023A = {
						CreatedOnToolsVersion = 16.1;
						TestTargetID = 3A440F932D0353E900BC023A;
					};
					3A440FB62D0353EC00BC023A = {
						CreatedOnToolsVersion = 16.1;
						TestTargetID = 3A440F932D0353E900BC023A;
					};
				};
			};
			buildConfigurationList = 3A440F8F2D0353E900BC023A /* Build configuration list for PBXProject "KinderSudoku" */;
			developmentRegion = en;
			hasScannedForEncodings = 0;
			knownRegions = (
				en,
				Base,
			);
			mainGroup = 3A440F8B2D0353E900BC023A;
			minimizedProjectReferenceProxies = 1;
			preferredProjectObjectVersion = 77;
			productRefGroup = 3A440F952D0353E900BC023A /* Products */;
			projectDirPath = "";
			projectRoot = "";
			targets = (
				3A440F932D0353E900BC023A /* KinderSudoku */,
				3A440FAC2D0353EC00BC023A /* KinderSudokuTests */,
				3A440FB62D0353EC00BC023A /* KinderSudokuUITests */,
			);
		};
/* End PBXProject section */

/* Begin PBXResourcesBuildPhase section */
		3A440F922D0353E900BC023A /* Resources */ = {
			isa = PBXResourcesBuildPhase;
			buildActionMask = 2147483647;
			files = (
			);
			runOnlyForDeploymentPostprocessing = 0;
		};
		3A440FAB2D0353EC00BC023A /* Resources */ = {
			isa = PBXResourcesBuildPhase;
			buildActionMask = 2147483647;
			files = (
			);
			runOnlyForDeploymentPostprocessing = 0;
		};
		3A440FB52D0353EC00BC023A /* Resources */ = {
			isa = PBXResourcesBuildPhase;
			buildActionMask = 2147483647;
			files = (
			);
			runOnlyForDeploymentPostprocessing = 0;
		};
/* End PBXResourcesBuildPhase section */

/* Begin PBXSourcesBuildPhase section */
		3A440F902D0353E900BC023A /* Sources */ = {
			isa = PBXSourcesBuildPhase;
			buildActionMask = 2147483647;
			files = (
			);
			runOnlyForDeploymentPostprocessing = 0;
		};
		3A440FA92D0353EC00BC023A /* Sources */ = {
			isa = PBXSourcesBuildPhase;
			buildActionMask = 2147483647;
			files = (
			);
			runOnlyForDeploymentPostprocessing = 0;
		};
		3A440FB32D0353EC00BC023A /* Sources */ = {
			isa = PBXSourcesBuildPhase;
			buildActionMask = 2147483647;
			files = (
			);
			runOnlyForDeploymentPostprocessing = 0;
		};
/* End PBXSourcesBuildPhase section */

/* Begin PBXTargetDependency section */
		3A440FAF2D0353EC00BC023A /* PBXTargetDependency */ = {
			isa = PBXTargetDependency;
			target = 3A440F932D0353E900BC023A /* KinderSudoku */;
			targetProxy = 3A440FAE2D0353EC00BC023A /* PBXContainerItemProxy */;
		};
		3A440FB92D0353EC00BC023A /* PBXTargetDependency */ = {
			isa = PBXTargetDependency;
			target = 3A440F932D0353E900BC023A /* KinderSudoku */;
			targetProxy = 3A440FB82D0353EC00BC023A /* PBXContainerItemProxy */;
		};
/* End PBXTargetDependency section */

/* Begin XCBuildConfiguration section */
		3A440FBF2D0353EC00BC023A /* Debug */ = {
			isa = XCBuildConfiguration;
			buildSettings = {
				ALWAYS_SEARCH_USER_PATHS = NO;
				ASSETCATALOG_COMPILER_GENERATE_SWIFT_ASSET_SYMBOL_EXTENSIONS = YES;
				CLANG_ANALYZER_NONNULL = YES;
				CLANG_ANALYZER_NUMBER_OBJECT_CONVERSION = YES_AGGRESSIVE;
				CLANG_CXX_LANGUAGE_STANDARD = "gnu++20";
				CLANG_ENABLE_MODULES = YES;
				CLANG_ENABLE_OBJC_ARC = YES;
				CLANG_ENABLE_OBJC_WEAK = YES;
				CLANG_WARN_BLOCK_CAPTURE_AUTORELEASING = YES;
				CLANG_WARN_BOOL_CONVERSION = YES;
				CLANG_WARN_COMMA = YES;
				CLANG_WARN_CONSTANT_CONVERSION = YES;
				CLANG_WARN_DEPRECATED_OBJC_IMPLEMENTATIONS = YES;
				CLANG_WARN_DIRECT_OBJC_ISA_USAGE = YES_ERROR;
				CLANG_WARN_DOCUMENTATION_COMMENTS = YES;
				CLANG_WARN_EMPTY_BODY = YES;
				CLANG_WARN_ENUM_CONVERSION = YES;
				CLANG_WARN_INFINITE_RECURSION = YES;
				CLANG_WARN_INT_CONVERSION = YES;
				CLANG_WARN_NON_LITERAL_NULL_CONVERSION = YES;
				CLANG_WARN_OBJC_IMPLICIT_RETAIN_SELF = YES;
				CLANG_WARN_OBJC_LITERAL_CONVERSION = YES;
				CLANG_WARN_OBJC_ROOT_CLASS = YES_ERROR;
				CLANG_WARN_QUOTED_INCLUDE_IN_FRAMEWORK_HEADER = YES;
				CLANG_WARN_RANGE_LOOP_ANALYSIS = YES;
				CLANG_WARN_STRICT_PROTOTYPES = YES;
				CLANG_WARN_SUSPICIOUS_MOVE = YES;
				CLANG_WARN_UNGUARDED_AVAILABILITY = YES_AGGRESSIVE;
				CLANG_WARN_UNREACHABLE_CODE = YES;
				CLANG_WARN__DUPLICATE_METHOD_MATCH = YES;
				COPY_PHASE_STRIP = NO;
				DEBUG_INFORMATION_FORMAT = dwarf;
				ENABLE_STRICT_OBJC_MSGSEND = YES;
				ENABLE_TESTABILITY = YES;
				ENABLE_USER_SCRIPT_SANDBOXING = YES;
				GCC_C_LANGUAGE_STANDARD = gnu17;
				GCC_DYNAMIC_NO_PIC = NO;
				GCC_NO_COMMON_BLOCKS = YES;
				GCC_OPTIMIZATION_LEVEL = 0;
				GCC_PREPROCESSOR_DEFINITIONS = (
					"DEBUG=1",
					"$(inherited)",
				);
				GCC_WARN_64_TO_32_BIT_CONVERSION = YES;
				GCC_WARN_ABOUT_RETURN_TYPE = YES_ERROR;
				GCC_WARN_UNDECLARED_SELECTOR = YES;
				GCC_WARN_UNINITIALIZED_AUTOS = YES_AGGRESSIVE;
				GCC_WARN_UNUSED_FUNCTION = YES;
				GCC_WARN_UNUSED_VARIABLE = YES;
				IPHONEOS_DEPLOYMENT_TARGET = 18.1;
				LOCALIZATION_PREFERS_STRING_CATALOGS = YES;
				MTL_ENABLE_DEBUG_INFO = INCLUDE_SOURCE;
				MTL_FAST_MATH = YES;
				ONLY_ACTIVE_ARCH = YES;
				SDKROOT = iphoneos;
				SWIFT_ACTIVE_COMPILATION_CONDITIONS = "DEBUG $(inherited)";
				SWIFT_OPTIMIZATION_LEVEL = "-Onone";
			};
			name = Debug;
		};
		3A440FC02D0353EC00BC023A /* Release */ = {
			isa = XCBuildConfiguration;
			buildSettings = {
				ALWAYS_SEARCH_USER_PATHS = NO;
				ASSETCATALOG_COMPILER_GENERATE_SWIFT_ASSET_SYMBOL_EXTENSIONS = YES;
				CLANG_ANALYZER_NONNULL = YES;
				CLANG_ANALYZER_NUMBER_OBJECT_CONVERSION = YES_AGGRESSIVE;
				CLANG_CXX_LANGUAGE_STANDARD = "gnu++20";
				CLANG_ENABLE_MODULES = YES;
				CLANG_ENABLE_OBJC_ARC = YES;
				CLANG_ENABLE_OBJC_WEAK = YES;
				CLANG_WARN_BLOCK_CAPTURE_AUTORELEASING = YES;
				CLANG_WARN_BOOL_CONVERSION = YES;
				CLANG_WARN_COMMA = YES;
				CLANG_WARN_CONSTANT_CONVERSION = YES;
				CLANG_WARN_DEPRECATED_OBJC_IMPLEMENTATIONS = YES;
				CLANG_WARN_DIRECT_OBJC_ISA_USAGE = YES_ERROR;
				CLANG_WARN_DOCUMENTATION_COMMENTS = YES;
				CLANG_WARN_EMPTY_BODY = YES;
				CLANG_WARN_ENUM_CONVERSION = YES;
				CLANG_WARN_INFINITE_RECURSION = YES;
				CLANG_WARN_INT_CONVERSION = YES;
				CLANG_WARN_NON_LITERAL_NULL_CONVERSION = YES;
				CLANG_WARN_OBJC_IMPLICIT_RETAIN_SELF = YES;
				CLANG_WARN_OBJC_LITERAL_CONVERSION = YES;
				CLANG_WARN_OBJC_ROOT_CLASS = YES_ERROR;
				CLANG_WARN_QUOTED_INCLUDE_IN_FRAMEWORK_HEADER = YES;
				CLANG_WARN_RANGE_LOOP_ANALYSIS = YES;
				CLANG_WARN_STRICT_PROTOTYPES = YES;
				CLANG_WARN_SUSPICIOUS_MOVE = YES;
				CLANG_WARN_UNGUARDED_AVAILABILITY = YES_AGGRESSIVE;
				CLANG_WARN_UNREACHABLE_CODE = YES;
				CLANG_WARN__DUPLICATE_METHOD_MATCH = YES;
				COPY_PHASE_STRIP = NO;
				DEBUG_INFORMATION_FORMAT = "dwarf-with-dsym";
				ENABLE_NS_ASSERTIONS = NO;
				ENABLE_STRICT_OBJC_MSGSEND = YES;
				ENABLE_USER_SCRIPT_SANDBOXING = YES;
				GCC_C_LANGUAGE_STANDARD = gnu17;
				GCC_NO_COMMON_BLOCKS = YES;
				GCC_WARN_64_TO_32_BIT_CONVERSION = YES;
				GCC_WARN_ABOUT_RETURN_TYPE = YES_ERROR;
				GCC_WARN_UNDECLARED_SELECTOR = YES;
				GCC_WARN_UNINITIALIZED_AUTOS = YES_AGGRESSIVE;
				GCC_WARN_UNUSED_FUNCTION = YES;
				GCC_WARN_UNUSED_VARIABLE = YES;
				IPHONEOS_DEPLOYMENT_TARGET = 18.1;
				LOCALIZATION_PREFERS_STRING_CATALOGS = YES;
				MTL_ENABLE_DEBUG_INFO = NO;
				MTL_FAST_MATH = YES;
				SDKROOT = iphoneos;
				SWIFT_COMPILATION_MODE = wholemodule;
				VALIDATE_PRODUCT = YES;
			};
			name = Release;
		};
		3A440FC22D0353EC00BC023A /* Debug */ = {
			isa = XCBuildConfiguration;
			buildSettings = {
				ASSETCATALOG_COMPILER_APPICON_NAME = AppIcon;
				ASSETCATALOG_COMPILER_GLOBAL_ACCENT_COLOR_NAME = AccentColor;
				CODE_SIGN_STYLE = Automatic;
				CURRENT_PROJECT_VERSION = 1;
				GENERATE_INFOPLIST_FILE = YES;
				INFOPLIST_KEY_UIApplicationSupportsIndirectInputEvents = YES;
				INFOPLIST_KEY_UILaunchStoryboardName = LaunchScreen;
				INFOPLIST_KEY_UIMainStoryboardFile = Main;
				INFOPLIST_KEY_UIStatusBarHidden = YES;
				INFOPLIST_KEY_UISupportedInterfaceOrientations_iPad = "UIInterfaceOrientationPortrait UIInterfaceOrientationPortraitUpsideDown UIInterfaceOrientationLandscapeLeft UIInterfaceOrientationLandscapeRight";
				INFOPLIST_KEY_UISupportedInterfaceOrientations_iPhone = "UIInterfaceOrientationPortrait UIInterfaceOrientationLandscapeLeft UIInterfaceOrientationLandscapeRight";
				LD_RUNPATH_SEARCH_PATHS = (
					"$(inherited)",
					"@executable_path/Frameworks",
				);
				MARKETING_VERSION = 1.0;
				PRODUCT_BUNDLE_IDENTIFIER = Fatljum.KinderSudoku;
				PRODUCT_NAME = "$(TARGET_NAME)";
				SWIFT_EMIT_LOC_STRINGS = YES;
				SWIFT_VERSION = 5.0;
				TARGETED_DEVICE_FAMILY = "1,2";
			};
			name = Debug;
		};
		3A440FC32D0353EC00BC023A /* Release */ = {
			isa = XCBuildConfiguration;
			buildSettings = {
				ASSETCATALOG_COMPILER_APPICON_NAME = AppIcon;
				ASSETCATALOG_COMPILER_GLOBAL_ACCENT_COLOR_NAME = AccentColor;
				CODE_SIGN_STYLE = Automatic;
				CURRENT_PROJECT_VERSION = 1;
				GENERATE_INFOPLIST_FILE = YES;
				INFOPLIST_KEY_UIApplicationSupportsIndirectInputEvents = YES;
				INFOPLIST_KEY_UILaunchStoryboardName = LaunchScreen;
				INFOPLIST_KEY_UIMainStoryboardFile = Main;
				INFOPLIST_KEY_UIStatusBarHidden = YES;
				INFOPLIST_KEY_UISupportedInterfaceOrientations_iPad = "UIInterfaceOrientationPortrait UIInterfaceOrientationPortraitUpsideDown UIInterfaceOrientationLandscapeLeft UIInterfaceOrientationLandscapeRight";
				INFOPLIST_KEY_UISupportedInterfaceOrientations_iPhone = "UIInterfaceOrientationPortrait UIInterfaceOrientationLandscapeLeft UIInterfaceOrientationLandscapeRight";
				LD_RUNPATH_SEARCH_PATHS = (
					"$(inherited)",
					"@executable_path/Frameworks",
				);
				MARKETING_VERSION = 1.0;
				PRODUCT_BUNDLE_IDENTIFIER = Fatljum.KinderSudoku;
				PRODUCT_NAME = "$(TARGET_NAME)";
				SWIFT_EMIT_LOC_STRINGS = YES;
				SWIFT_VERSION = 5.0;
				TARGETED_DEVICE_FAMILY = "1,2";
			};
			name = Release;
		};
		3A440FC52D0353EC00BC023A /* Debug */ = {
			isa = XCBuildConfiguration;
			buildSettings = {
				BUNDLE_LOADER = "$(TEST_HOST)";
				CODE_SIGN_STYLE = Automatic;
				CURRENT_PROJECT_VERSION = 1;
				GENERATE_INFOPLIST_FILE = YES;
				IPHONEOS_DEPLOYMENT_TARGET = 18.1;
				MARKETING_VERSION = 1.0;
				PRODUCT_BUNDLE_IDENTIFIER = Fatljum.KinderSudokuTests;
				PRODUCT_NAME = "$(TARGET_NAME)";
				SWIFT_EMIT_LOC_STRINGS = NO;
				SWIFT_VERSION = 5.0;
				TARGETED_DEVICE_FAMILY = "1,2";
				TEST_HOST = "$(BUILT_PRODUCTS_DIR)/KinderSudoku.app/$(BUNDLE_EXECUTABLE_FOLDER_PATH)/KinderSudoku";
			};
			name = Debug;
		};
		3A440FC62D0353EC00BC023A /* Release */ = {
			isa = XCBuildConfiguration;
			buildSettings = {
				BUNDLE_LOADER = "$(TEST_HOST)";
				CODE_SIGN_STYLE = Automatic;
				CURRENT_PROJECT_VERSION = 1;
				GENERATE_INFOPLIST_FILE = YES;
				IPHONEOS_DEPLOYMENT_TARGET = 18.1;
				MARKETING_VERSION = 1.0;
				PRODUCT_BUNDLE_IDENTIFIER = Fatljum.KinderSudokuTests;
				PRODUCT_NAME = "$(TARGET_NAME)";
				SWIFT_EMIT_LOC_STRINGS = NO;
				SWIFT_VERSION = 5.0;
				TARGETED_DEVICE_FAMILY = "1,2";
				TEST_HOST = "$(BUILT_PRODUCTS_DIR)/KinderSudoku.app/$(BUNDLE_EXECUTABLE_FOLDER_PATH)/KinderSudoku";
			};
			name = Release;
		};
		3A440FC82D0353EC00BC023A /* Debug */ = {
			isa = XCBuildConfiguration;
			buildSettings = {
				CODE_SIGN_STYLE = Automatic;
				CURRENT_PROJECT_VERSION = 1;
				GENERATE_INFOPLIST_FILE = YES;
				MARKETING_VERSION = 1.0;
				PRODUCT_BUNDLE_IDENTIFIER = Fatljum.KinderSudokuUITests;
				PRODUCT_NAME = "$(TARGET_NAME)";
				SWIFT_EMIT_LOC_STRINGS = NO;
				SWIFT_VERSION = 5.0;
				TARGETED_DEVICE_FAMILY = "1,2";
				TEST_TARGET_NAME = KinderSudoku;
			};
			name = Debug;
		};
		3A440FC92D0353EC00BC023A /* Release */ = {
			isa = XCBuildConfiguration;
			buildSettings = {
				CODE_SIGN_STYLE = Automatic;
				CURRENT_PROJECT_VERSION = 1;
				GENERATE_INFOPLIST_FILE = YES;
				MARKETING_VERSION = 1.0;
				PRODUCT_BUNDLE_IDENTIFIER = Fatljum.KinderSudokuUITests;
				PRODUCT_NAME = "$(TARGET_NAME)";
				SWIFT_EMIT_LOC_STRINGS = NO;
				SWIFT_VERSION = 5.0;
				TARGETED_DEVICE_FAMILY = "1,2";
				TEST_TARGET_NAME = KinderSudoku;
			};
			name = Release;
		};
/* End XCBuildConfiguration section */

/* Begin XCConfigurationList section */
		3A440F8F2D0353E900BC023A /* Build configuration list for PBXProject "KinderSudoku" */ = {
			isa = XCConfigurationList;
			buildConfigurations = (
				3A440FBF2D0353EC00BC023A /* Debug */,
				3A440FC02D0353EC00BC023A /* Release */,
			);
			defaultConfigurationIsVisible = 0;
			defaultConfigurationName = Release;
		};
		3A440FC12D0353EC00BC023A /* Build configuration list for PBXNativeTarget "KinderSudoku" */ = {
			isa = XCConfigurationList;
			buildConfigurations = (
				3A440FC22D0353EC00BC023A /* Debug */,
				3A440FC32D0353EC00BC023A /* Release */,
			);
			defaultConfigurationIsVisible = 0;
			defaultConfigurationName = Release;
		};
		3A440FC42D0353EC00BC023A /* Build configuration list for PBXNativeTarget "KinderSudokuTests" */ = {
			isa = XCConfigurationList;
			buildConfigurations = (
				3A440FC52D0353EC00BC023A /* Debug */,
				3A440FC62D0353EC00BC023A /* Release */,
			);
			defaultConfigurationIsVisible = 0;
			defaultConfigurationName = Release;
		};
		3A440FC72D0353EC00BC023A /* Build configuration list for PBXNativeTarget "KinderSudokuUITests" */ = {
			isa = XCConfigurationList;
			buildConfigurations = (
				3A440FC82D0353EC00BC023A /* Debug */,
				3A440FC92D0353EC00BC023A /* Release */,
			);
			defaultConfigurationIsVisible = 0;
			defaultConfigurationName = Release;
		};
/* End XCConfigurationList section */
	};
	rootObject = 3A440F8C2D0353E900BC023A /* Project object */;
}
